<?xml version="1.0" encoding="utf-8"?>
<Project ToolsVersion="17.0" xmlns="http://schemas.microsoft.com/developer/msbuild/2003">
  <ItemGroup>
    <ClCompile Include="C:\Users\PREDATOR\Downloads\Compressed\darknet-master\darknet-master\src\yolo_console_dll.cpp">
      <Filter>Source Files</Filter>
    </ClCompile>
  </ItemGroup>
  <ItemGroup>
    <CustomBuild Include="C:\Users\PREDATOR\Downloads\Compressed\darknet-master\darknet-master\CMakeLists.txt" />
  </ItemGroup>
  <ItemGroup>
    <Filter Include="Source Files">
      <UniqueIdentifier>{3ECDECA3-9CB6-38D8-A34F-76305722B133}</UniqueIdentifier>
    </Filter>
  </ItemGroup>
</Project>
